<?xml version="1.0" encoding="utf-8"?>
<Project ToolsVersion="4.0" xmlns="http://schemas.microsoft.com/developer/msbuild/2003">
  <ItemGroup>
    <ClInclude Include="Client.h">
      <Filter>Net Data</Filter>
    </ClInclude>
    <ClInclude Include="Logger.h" />
    <ClInclude Include="NetCode.h">
      <Filter>Net Data</Filter>
    </ClInclude>
    <ClInclude Include="NetPacket.h">
      <Filter>Net Data</Filter>
    </ClInclude>
    <ClInclude Include="SelectNetwork.h" />
    <ClInclude Include="..\..\Common\Util\BodySizeMananger.h">
      <Filter>Util</Filter>
    </ClInclude>
  </ItemGroup>
  <ItemGroup>
    <ClCompile Include="Logger.cpp" />
    <ClCompile Include="SelectNetwork.cpp" />
    <ClCompile Include="..\..\Common\Util\BodySizeManager.cpp">
      <Filter>Util</Filter>
    </ClCompile>
  </ItemGroup>
  <ItemGroup>
    <Filter Include="Net Data">
      <UniqueIdentifier>{f326bf0e-3984-4aee-b9c7-436f0d83cdc2}</UniqueIdentifier>
    </Filter>
    <Filter Include="Util">
      <UniqueIdentifier>{12eea463-c08c-4e93-8208-a2d8fddc9a49}</UniqueIdentifier>
    </Filter>
  </ItemGroup>
</Project>